
Microsoft Visual Studio Solution File, Format Version 12.00
# Visual Studio Version 17
VisualStudioVersion = 17.11.35303.130
MinimumVisualStudioVersion = 10.0.40219.1
Project("{2150E333-8FDC-42A3-9474-1A3956D46DE8}") = "src", "src", "{BC66B6AD-2754-4B76-8D98-ADCC88105780}"
EndProject
Project("{2150E333-8FDC-42A3-9474-1A3956D46DE8}") = "tests", "tests", "{93CEA76F-6A2A-48D4-BFA9-D9E175259B2E}"
EndProject
Project("{9A19103F-16F7-4668-BE54-9A1E7A4F7556}") = "Library", "src\Mindbox\Library.csproj", "{D0CFC017-61B4-4E10-8716-ADB888C4840E}"
EndProject
Project("{FAE04EC0-301F-11D3-BF4B-00C04F79EFBC}") = "Tests.Unit", "tests\Tests.Unit\Tests.Unit.csproj", "{A634E2F7-7B27-4332-8A96-CAA94FA8FD3D}"
EndProject
Global
	GlobalSection(SolutionConfigurationPlatforms) = preSolution
		Debug|Any CPU = Debug|Any CPU
		Release|Any CPU = Release|Any CPU
	EndGlobalSection
	GlobalSection(ProjectConfigurationPlatforms) = postSolution
		{D0CFC017-61B4-4E10-8716-ADB888C4840E}.Debug|Any CPU.ActiveCfg = Debug|Any CPU
		{D0CFC017-61B4-4E10-8716-ADB888C4840E}.Debug|Any CPU.Build.0 = Debug|Any CPU
		{D0CFC017-61B4-4E10-8716-ADB888C4840E}.Release|Any CPU.ActiveCfg = Release|Any CPU
		{D0CFC017-61B4-4E10-8716-ADB888C4840E}.Release|Any CPU.Build.0 = Release|Any CPU
		{A634E2F7-7B27-4332-8A96-CAA94FA8FD3D}.Debug|Any CPU.ActiveCfg = Debug|Any CPU
		{A634E2F7-7B27-4332-8A96-CAA94FA8FD3D}.Debug|Any CPU.Build.0 = Debug|Any CPU
		{A634E2F7-7B27-4332-8A96-CAA94FA8FD3D}.Release|Any CPU.ActiveCfg = Release|Any CPU
		{A634E2F7-7B27-4332-8A96-CAA94FA8FD3D}.Release|Any CPU.Build.0 = Release|Any CPU
	EndGlobalSection
	GlobalSection(SolutionProperties) = preSolution
		HideSolutionNode = FALSE
	EndGlobalSection
	GlobalSection(NestedProjects) = preSolution
		{D0CFC017-61B4-4E10-8716-ADB888C4840E} = {BC66B6AD-2754-4B76-8D98-ADCC88105780}
		{A634E2F7-7B27-4332-8A96-CAA94FA8FD3D} = {93CEA76F-6A2A-48D4-BFA9-D9E175259B2E}
	EndGlobalSection
	GlobalSection(ExtensibilityGlobals) = postSolution
		SolutionGuid = {D52A05FD-BACE-4A4E-A8D5-A2016E18DD77}
	EndGlobalSection
EndGlobal
